
Microsoft Visual Studio Solution File, Format Version 12.00
# Visual Studio 14
VisualStudioVersion = 14.0.25420.1
MinimumVisualStudioVersion = 10.0.40219.1
Project("{FAE04EC0-301F-11D3-BF4B-00C04F79EFBC}") = "InternetCoast.Web", "InternetCoast.Web\InternetCoast.Web.csproj", "{D66867FB-E567-4ADB-9375-F76A753C932E}"
EndProject
Project("{FAE04EC0-301F-11D3-BF4B-00C04F79EFBC}") = "InternetCoast.Web.Tests", "InternetCoast.Web.Tests\InternetCoast.Web.Tests.csproj", "{6D88F274-0E66-41A7-95B5-16CDBD99F285}"
EndProject
Project("{FAE04EC0-301F-11D3-BF4B-00C04F79EFBC}") = "InternetCoast.Model", "InternetCoast.Model\InternetCoast.Model.csproj", "{23DBC927-75F9-4971-AB1E-AF299E82DFB3}"
EndProject
Project("{FAE04EC0-301F-11D3-BF4B-00C04F79EFBC}") = "InternetCoast.Infrastructure", "InternetCoast.Infrastructure\InternetCoast.Infrastructure.csproj", "{B1895736-7F1E-4727-A6F6-16C005DA2408}"
EndProject
Project("{2150E333-8FDC-42A3-9474-1A3956D46DE8}") = "InternetCoast.Connectors", "InternetCoast.Connectors", "{5DE7FBE4-F0BE-488C-A246-9952C3D56D40}"
EndProject
Project("{FAE04EC0-301F-11D3-BF4B-00C04F79EFBC}") = "InternetCoast.Connectors.DOD", "InternetCoast.Conectors.DOD\InternetCoast.Connectors.DOD.csproj", "{2D25D4D5-22CC-44D5-9A27-2096DCBB4030}"
EndProject
Project("{FAE04EC0-301F-11D3-BF4B-00C04F79EFBC}") = "InternetCoast.DAL", "InternetCoast.DAL\InternetCoast.DAL.csproj", "{76A82322-3DCF-4FEB-8729-0C0E86E28D81}"
EndProject
Project("{2150E333-8FDC-42A3-9474-1A3956D46DE8}") = "InternetCoast.Test", "InternetCoast.Test", "{40FADA90-FA3E-40CD-8EAE-23F552220BCF}"
EndProject
Project("{FAE04EC0-301F-11D3-BF4B-00C04F79EFBC}") = "InternetCoast.DAL.Test", "InternetCoast.DAL.Test\InternetCoast.DAL.Test.csproj", "{50BB7EDE-53A8-4BA6-81F4-36EA17521FD8}"
EndProject
Global
	GlobalSection(SolutionConfigurationPlatforms) = preSolution
		Debug|Any CPU = Debug|Any CPU
		Release|Any CPU = Release|Any CPU
	EndGlobalSection
	GlobalSection(ProjectConfigurationPlatforms) = postSolution
		{D66867FB-E567-4ADB-9375-F76A753C932E}.Debug|Any CPU.ActiveCfg = Debug|Any CPU
		{D66867FB-E567-4ADB-9375-F76A753C932E}.Debug|Any CPU.Build.0 = Debug|Any CPU
		{D66867FB-E567-4ADB-9375-F76A753C932E}.Release|Any CPU.ActiveCfg = Release|Any CPU
		{D66867FB-E567-4ADB-9375-F76A753C932E}.Release|Any CPU.Build.0 = Release|Any CPU
		{6D88F274-0E66-41A7-95B5-16CDBD99F285}.Debug|Any CPU.ActiveCfg = Debug|Any CPU
		{6D88F274-0E66-41A7-95B5-16CDBD99F285}.Debug|Any CPU.Build.0 = Debug|Any CPU
		{6D88F274-0E66-41A7-95B5-16CDBD99F285}.Release|Any CPU.ActiveCfg = Release|Any CPU
		{6D88F274-0E66-41A7-95B5-16CDBD99F285}.Release|Any CPU.Build.0 = Release|Any CPU
		{23DBC927-75F9-4971-AB1E-AF299E82DFB3}.Debug|Any CPU.ActiveCfg = Debug|Any CPU
		{23DBC927-75F9-4971-AB1E-AF299E82DFB3}.Debug|Any CPU.Build.0 = Debug|Any CPU
		{23DBC927-75F9-4971-AB1E-AF299E82DFB3}.Release|Any CPU.ActiveCfg = Release|Any CPU
		{23DBC927-75F9-4971-AB1E-AF299E82DFB3}.Release|Any CPU.Build.0 = Release|Any CPU
		{B1895736-7F1E-4727-A6F6-16C005DA2408}.Debug|Any CPU.ActiveCfg = Debug|Any CPU
		{B1895736-7F1E-4727-A6F6-16C005DA2408}.Debug|Any CPU.Build.0 = Debug|Any CPU
		{B1895736-7F1E-4727-A6F6-16C005DA2408}.Release|Any CPU.ActiveCfg = Release|Any CPU
		{B1895736-7F1E-4727-A6F6-16C005DA2408}.Release|Any CPU.Build.0 = Release|Any CPU
		{2D25D4D5-22CC-44D5-9A27-2096DCBB4030}.Debug|Any CPU.ActiveCfg = Debug|Any CPU
		{2D25D4D5-22CC-44D5-9A27-2096DCBB4030}.Debug|Any CPU.Build.0 = Debug|Any CPU
		{2D25D4D5-22CC-44D5-9A27-2096DCBB4030}.Release|Any CPU.ActiveCfg = Release|Any CPU
		{2D25D4D5-22CC-44D5-9A27-2096DCBB4030}.Release|Any CPU.Build.0 = Release|Any CPU
		{76A82322-3DCF-4FEB-8729-0C0E86E28D81}.Debug|Any CPU.ActiveCfg = Debug|Any CPU
		{76A82322-3DCF-4FEB-8729-0C0E86E28D81}.Debug|Any CPU.Build.0 = Debug|Any CPU
		{76A82322-3DCF-4FEB-8729-0C0E86E28D81}.Release|Any CPU.ActiveCfg = Release|Any CPU
		{76A82322-3DCF-4FEB-8729-0C0E86E28D81}.Release|Any CPU.Build.0 = Release|Any CPU
		{50BB7EDE-53A8-4BA6-81F4-36EA17521FD8}.Debug|Any CPU.ActiveCfg = Debug|Any CPU
		{50BB7EDE-53A8-4BA6-81F4-36EA17521FD8}.Debug|Any CPU.Build.0 = Debug|Any CPU
		{50BB7EDE-53A8-4BA6-81F4-36EA17521FD8}.Release|Any CPU.ActiveCfg = Release|Any CPU
		{50BB7EDE-53A8-4BA6-81F4-36EA17521FD8}.Release|Any CPU.Build.0 = Release|Any CPU
	EndGlobalSection
	GlobalSection(SolutionProperties) = preSolution
		HideSolutionNode = FALSE
	EndGlobalSection
	GlobalSection(NestedProjects) = preSolution
		{6D88F274-0E66-41A7-95B5-16CDBD99F285} = {40FADA90-FA3E-40CD-8EAE-23F552220BCF}
		{2D25D4D5-22CC-44D5-9A27-2096DCBB4030} = {5DE7FBE4-F0BE-488C-A246-9952C3D56D40}
		{50BB7EDE-53A8-4BA6-81F4-36EA17521FD8} = {40FADA90-FA3E-40CD-8EAE-23F552220BCF}
	EndGlobalSection
EndGlobal
